
Microsoft Visual Studio Solution File, Format Version 12.00
# Visual Studio 15
VisualStudioVersion = 15.0.26730.12
MinimumVisualStudioVersion = 10.0.40219.1
Project("{9A19103F-16F7-4668-BE54-9A1E7A4F7556}") = "MSTestExtensions", "MSTestExtensions\MSTestExtensions.csproj", "{69F388DE-5E88-48A9-968F-91F1F213964B}"
EndProject
Project("{2150E333-8FDC-42A3-9474-1A3956D46DE8}") = "Solution Items", "Solution Items", "{F2C8D510-AA8A-4879-8910-5C130A2D2764}"
	ProjectSection(SolutionItems) = preProject
		Doxyfile = Doxyfile
	EndProjectSection
EndProject
Global
	GlobalSection(SolutionConfigurationPlatforms) = preSolution
		Debug|Any CPU = Debug|Any CPU
		Release|Any CPU = Release|Any CPU
	EndGlobalSection
	GlobalSection(ProjectConfigurationPlatforms) = postSolution
		{69F388DE-5E88-48A9-968F-91F1F213964B}.Debug|Any CPU.ActiveCfg = Debug|Any CPU
		{69F388DE-5E88-48A9-968F-91F1F213964B}.Debug|Any CPU.Build.0 = Debug|Any CPU
		{69F388DE-5E88-48A9-968F-91F1F213964B}.Release|Any CPU.ActiveCfg = Release|Any CPU
		{69F388DE-5E88-48A9-968F-91F1F213964B}.Release|Any CPU.Build.0 = Release|Any CPU
	EndGlobalSection
	GlobalSection(SolutionProperties) = preSolution
		HideSolutionNode = FALSE
	EndGlobalSection
	GlobalSection(ExtensibilityGlobals) = postSolution
		SolutionGuid = {F4B7F18E-1A36-4BF7-B8FE-3F63261CC638}
	EndGlobalSection
EndGlobal
