
Microsoft Visual Studio Solution File, Format Version 12.00
# Visual Studio 15
VisualStudioVersion = 15.0.26730.12
MinimumVisualStudioVersion = 10.0.40219.1
Project("{FAE04EC0-301F-11D3-BF4B-00C04F79EFBC}") = "MSTestExtensions", "MSTestExtensions\MSTestExtensions.csproj", "{69F388DE-5E88-48A9-968F-91F1F213964B}"
EndProject
Global
	GlobalSection(SolutionConfigurationPlatforms) = preSolution
		Debug|Any CPU = Debug|Any CPU
		Release|Any CPU = Release|Any CPU
	EndGlobalSection
	GlobalSection(ProjectConfigurationPlatforms) = postSolution
		{69F388DE-5E88-48A9-968F-91F1F213964B}.Debug|Any CPU.ActiveCfg = Debug|Any CPU
		{69F388DE-5E88-48A9-968F-91F1F213964B}.Debug|Any CPU.Build.0 = Debug|Any CPU
		{69F388DE-5E88-48A9-968F-91F1F213964B}.Release|Any CPU.ActiveCfg = Release|Any CPU
		{69F388DE-5E88-48A9-968F-91F1F213964B}.Release|Any CPU.Build.0 = Release|Any CPU
	EndGlobalSection
	GlobalSection(SolutionProperties) = preSolution
		HideSolutionNode = FALSE
	EndGlobalSection
	GlobalSection(ExtensibilityGlobals) = postSolution
		SolutionGuid = {F4B7F18E-1A36-4BF7-B8FE-3F63261CC638}
	EndGlobalSection
EndGlobal
